
Microsoft Visual Studio Solution File, Format Version 12.00
# Visual Studio 15
VisualStudioVersion = 15.0.28307.572
MinimumVisualStudioVersion = 10.0.40219.1
Project("{9A19103F-16F7-4668-BE54-9A1E7A4F7556}") = "JobPlatform", "JobPlatform\JobPlatform.csproj", "{593598C4-96A0-4E8D-96E5-FAF85419C0E8}"
EndProject
Global
	GlobalSection(SolutionConfigurationPlatforms) = preSolution
		Debug|Any CPU = Debug|Any CPU
		Release|Any CPU = Release|Any CPU
	EndGlobalSection
	GlobalSection(ProjectConfigurationPlatforms) = postSolution
		{593598C4-96A0-4E8D-96E5-FAF85419C0E8}.Debug|Any CPU.ActiveCfg = Debug|Any CPU
		{593598C4-96A0-4E8D-96E5-FAF85419C0E8}.Debug|Any CPU.Build.0 = Debug|Any CPU
		{593598C4-96A0-4E8D-96E5-FAF85419C0E8}.Release|Any CPU.ActiveCfg = Release|Any CPU
		{593598C4-96A0-4E8D-96E5-FAF85419C0E8}.Release|Any CPU.Build.0 = Release|Any CPU
	EndGlobalSection
	GlobalSection(SolutionProperties) = preSolution
		HideSolutionNode = FALSE
	EndGlobalSection
	GlobalSection(ExtensibilityGlobals) = postSolution
		SolutionGuid = {473A9662-F006-4A3A-ABB2-616A548390D4}
	EndGlobalSection
EndGlobal
